
Microsoft Visual Studio Solution File, Format Version 12.00
# Visual Studio Version 17
VisualStudioVersion = 17.4.33205.214
MinimumVisualStudioVersion = 10.0.40219.1
Project("{9A19103F-16F7-4668-BE54-9A1E7A4F7556}") = "agSalon", "agSalon\agSalon.csproj", "{76A07F38-6B1F-49A3-AE18-CD0965FF6229}"
EndProject
Project("{FAE04EC0-301F-11D3-BF4B-00C04F79EFBC}") = "agSalon.Services", "agSalon.Services\agSalon.Services.csproj", "{B3B21C48-D4A4-46D3-936F-7A44BEF680FF}"
EndProject
Project("{FAE04EC0-301F-11D3-BF4B-00C04F79EFBC}") = "agSalon.Domain", "agSalon.Domain\agSalon.Domain.csproj", "{EE1D9CFE-658B-4CE1-BE73-73DA2C6A9821}"
EndProject
Global
	GlobalSection(SolutionConfigurationPlatforms) = preSolution
		Debug|Any CPU = Debug|Any CPU
		Release|Any CPU = Release|Any CPU
	EndGlobalSection
	GlobalSection(ProjectConfigurationPlatforms) = postSolution
		{76A07F38-6B1F-49A3-AE18-CD0965FF6229}.Debug|Any CPU.ActiveCfg = Debug|Any CPU
		{76A07F38-6B1F-49A3-AE18-CD0965FF6229}.Debug|Any CPU.Build.0 = Debug|Any CPU
		{76A07F38-6B1F-49A3-AE18-CD0965FF6229}.Release|Any CPU.ActiveCfg = Release|Any CPU
		{76A07F38-6B1F-49A3-AE18-CD0965FF6229}.Release|Any CPU.Build.0 = Release|Any CPU
		{B3B21C48-D4A4-46D3-936F-7A44BEF680FF}.Debug|Any CPU.ActiveCfg = Debug|Any CPU
		{B3B21C48-D4A4-46D3-936F-7A44BEF680FF}.Debug|Any CPU.Build.0 = Debug|Any CPU
		{B3B21C48-D4A4-46D3-936F-7A44BEF680FF}.Release|Any CPU.ActiveCfg = Release|Any CPU
		{B3B21C48-D4A4-46D3-936F-7A44BEF680FF}.Release|Any CPU.Build.0 = Release|Any CPU
		{EE1D9CFE-658B-4CE1-BE73-73DA2C6A9821}.Debug|Any CPU.ActiveCfg = Debug|Any CPU
		{EE1D9CFE-658B-4CE1-BE73-73DA2C6A9821}.Debug|Any CPU.Build.0 = Debug|Any CPU
		{EE1D9CFE-658B-4CE1-BE73-73DA2C6A9821}.Release|Any CPU.ActiveCfg = Release|Any CPU
		{EE1D9CFE-658B-4CE1-BE73-73DA2C6A9821}.Release|Any CPU.Build.0 = Release|Any CPU
	EndGlobalSection
	GlobalSection(SolutionProperties) = preSolution
		HideSolutionNode = FALSE
	EndGlobalSection
	GlobalSection(ExtensibilityGlobals) = postSolution
		SolutionGuid = {AC7A13D1-4230-4893-80DE-B64D593748CE}
	EndGlobalSection
EndGlobal
